
Microsoft Visual Studio Solution File, Format Version 12.00
# Visual Studio Version 16
VisualStudioVersion = 16.0.31025.194
MinimumVisualStudioVersion = 10.0.40219.1
Project("{FAE04EC0-301F-11D3-BF4B-00C04F79EFBC}") = "UnZipFile", "UnZipFile\UnZipFile.csproj", "{D70AB6B9-6348-44DA-9006-6C4DC7DA348A}"
EndProject
Global
	GlobalSection(SolutionConfigurationPlatforms) = preSolution
		Debug|Any CPU = Debug|Any CPU
		Release|Any CPU = Release|Any CPU
	EndGlobalSection
	GlobalSection(ProjectConfigurationPlatforms) = postSolution
		{D70AB6B9-6348-44DA-9006-6C4DC7DA348A}.Debug|Any CPU.ActiveCfg = Debug|Any CPU
		{D70AB6B9-6348-44DA-9006-6C4DC7DA348A}.Debug|Any CPU.Build.0 = Debug|Any CPU
		{D70AB6B9-6348-44DA-9006-6C4DC7DA348A}.Release|Any CPU.ActiveCfg = Release|Any CPU
		{D70AB6B9-6348-44DA-9006-6C4DC7DA348A}.Release|Any CPU.Build.0 = Release|Any CPU
	EndGlobalSection
	GlobalSection(SolutionProperties) = preSolution
		HideSolutionNode = FALSE
	EndGlobalSection
	GlobalSection(ExtensibilityGlobals) = postSolution
		SolutionGuid = {790E076B-0CB6-4819-9435-B7E3C0659EF0}
	EndGlobalSection
EndGlobal
